
Microsoft Visual Studio Solution File, Format Version 12.00
# Visual Studio Version 17
VisualStudioVersion = 17.2.32616.157
MinimumVisualStudioVersion = 10.0.40219.1
Project("{FAE04EC0-301F-11D3-BF4B-00C04F79EFBC}") = "Hologram", "Hologram\Hologram.csproj", "{4DB75674-A9AD-4CA5-8182-BEDCD85C5DFC}"
EndProject
Global
	GlobalSection(SolutionConfigurationPlatforms) = preSolution
		Debug|Any CPU = Debug|Any CPU
		Release|Any CPU = Release|Any CPU
	EndGlobalSection
	GlobalSection(ProjectConfigurationPlatforms) = postSolution
		{4DB75674-A9AD-4CA5-8182-BEDCD85C5DFC}.Debug|Any CPU.ActiveCfg = Debug|Any CPU
		{4DB75674-A9AD-4CA5-8182-BEDCD85C5DFC}.Debug|Any CPU.Build.0 = Debug|Any CPU
		{4DB75674-A9AD-4CA5-8182-BEDCD85C5DFC}.Release|Any CPU.ActiveCfg = Release|Any CPU
		{4DB75674-A9AD-4CA5-8182-BEDCD85C5DFC}.Release|Any CPU.Build.0 = Release|Any CPU
	EndGlobalSection
	GlobalSection(SolutionProperties) = preSolution
		HideSolutionNode = FALSE
	EndGlobalSection
	GlobalSection(ExtensibilityGlobals) = postSolution
		SolutionGuid = {EC7607DE-10E9-4415-94D3-7F654EDF446C}
	EndGlobalSection
EndGlobal
