
Microsoft Visual Studio Solution File, Format Version 12.00
# Visual Studio Version 17
VisualStudioVersion = 17.2.32616.157
MinimumVisualStudioVersion = 10.0.40219.1
Project("{FAE04EC0-301F-11D3-BF4B-00C04F79EFBC}") = "Hologram", "Hologram.csproj", "{C328B03D-E04C-4E16-BE7C-04FA7A3061BF}"
EndProject
Global
	GlobalSection(SolutionConfigurationPlatforms) = preSolution
		Debug|Any CPU = Debug|Any CPU
		Release|Any CPU = Release|Any CPU
	EndGlobalSection
	GlobalSection(ProjectConfigurationPlatforms) = postSolution
		{C328B03D-E04C-4E16-BE7C-04FA7A3061BF}.Debug|Any CPU.ActiveCfg = Debug|x64
		{C328B03D-E04C-4E16-BE7C-04FA7A3061BF}.Debug|Any CPU.Build.0 = Debug|x64
		{C328B03D-E04C-4E16-BE7C-04FA7A3061BF}.Release|Any CPU.ActiveCfg = Release|Any CPU
		{C328B03D-E04C-4E16-BE7C-04FA7A3061BF}.Release|Any CPU.Build.0 = Release|Any CPU
	EndGlobalSection
	GlobalSection(SolutionProperties) = preSolution
		HideSolutionNode = FALSE
	EndGlobalSection
	GlobalSection(ExtensibilityGlobals) = postSolution
		SolutionGuid = {1358F372-3044-463D-90FE-A896C2C28E1C}
	EndGlobalSection
EndGlobal
